
Microsoft Visual Studio Solution File, Format Version 12.00
# Visual Studio Version 16
VisualStudioVersion = 16.0.30011.22
MinimumVisualStudioVersion = 10.0.40219.1
Project("{9A19103F-16F7-4668-BE54-9A1E7A4F7556}") = "FruitStore", "FruitStore.csproj", "{B073B0BA-486E-4476-B607-DAAC9FDAD529}"
EndProject
Project("{9A19103F-16F7-4668-BE54-9A1E7A4F7556}") = "FruitStore.UnitTests", "..\FruitStore.UnitTests\FruitStore.UnitTests.csproj", "{DC4480C6-822C-49E1-9A13-C868B3DF5C58}"
EndProject
Global
	GlobalSection(SolutionConfigurationPlatforms) = preSolution
		Debug|Any CPU = Debug|Any CPU
		Release|Any CPU = Release|Any CPU
	EndGlobalSection
	GlobalSection(ProjectConfigurationPlatforms) = postSolution
		{B073B0BA-486E-4476-B607-DAAC9FDAD529}.Debug|Any CPU.ActiveCfg = Debug|Any CPU
		{B073B0BA-486E-4476-B607-DAAC9FDAD529}.Debug|Any CPU.Build.0 = Debug|Any CPU
		{B073B0BA-486E-4476-B607-DAAC9FDAD529}.Release|Any CPU.ActiveCfg = Release|Any CPU
		{B073B0BA-486E-4476-B607-DAAC9FDAD529}.Release|Any CPU.Build.0 = Release|Any CPU
		{DC4480C6-822C-49E1-9A13-C868B3DF5C58}.Debug|Any CPU.ActiveCfg = Debug|Any CPU
		{DC4480C6-822C-49E1-9A13-C868B3DF5C58}.Debug|Any CPU.Build.0 = Debug|Any CPU
		{DC4480C6-822C-49E1-9A13-C868B3DF5C58}.Release|Any CPU.ActiveCfg = Release|Any CPU
		{DC4480C6-822C-49E1-9A13-C868B3DF5C58}.Release|Any CPU.Build.0 = Release|Any CPU
	EndGlobalSection
	GlobalSection(SolutionProperties) = preSolution
		HideSolutionNode = FALSE
	EndGlobalSection
	GlobalSection(ExtensibilityGlobals) = postSolution
		SolutionGuid = {63070F62-88B0-44EF-8ED8-92CDD661D593}
	EndGlobalSection
EndGlobal
